<Solution>
    <Folder Name="/Integrations/">
        <Project Path="src/ShinyDocDbMyAdmin.Core/ShinyDocDbMyAdmin.Core.csproj" />
        <Project Path="src/ShinyDocDbMyAdmin/ShinyDocDbMyAdmin.csproj" />
        <Project Path="src/ShinyDocDbMyAdmin.Tui/ShinyDocDbMyAdmin.Tui.csproj" />
        <Project Path="src/Shiny.DocumentDb.AppDataSync/Shiny.DocumentDb.AppDataSync.csproj" />
        <Project Path="src/Shiny.DocumentDb.Aspire.Client/Shiny.DocumentDb.Aspire.Client.csproj" />
        <Project Path="src/Shiny.DocumentDb.Aspire.Hosting/Shiny.DocumentDb.Aspire.Hosting.csproj" />
        <Project Path="src/Shiny.DocumentDb.Aspire.Orleans/Shiny.DocumentDb.Aspire.Orleans.csproj" />
        <Project Path="src/Shiny.DocumentDb.AspNetCore.OData/Shiny.DocumentDb.AspNetCore.OData.csproj" />
        <Project Path="src/Shiny.DocumentDb.Extensions.AI/Shiny.DocumentDb.Extensions.AI.csproj" />
        <Project Path="src/Shiny.DocumentDb.Extensions.VectorData/Shiny.DocumentDb.Extensions.VectorData.csproj" />
        <Project Path="src/Shiny.DocumentDb.Geo/Shiny.DocumentDb.Geo.csproj" />
        <Project Path="src/Shiny.DocumentDb.JsonSchema/Shiny.DocumentDb.JsonSchema.csproj" />
        <Project Path="src/Shiny.DocumentDb.OData/Shiny.DocumentDb.OData.csproj" />
        <Project Path="src/Shiny.DocumentDb.Orleans.CosmosDb/Shiny.DocumentDb.Orleans.CosmosDb.csproj" />
        <Project Path="src/Shiny.DocumentDb.Orleans.MongoDb/Shiny.DocumentDb.Orleans.MongoDb.csproj" />
        <Project Path="src/Shiny.DocumentDb.Orleans/Shiny.DocumentDb.Orleans.csproj" />
    </Folder>
    <Folder Name="/Providers/">
        <Project Path="src/Shiny.DocumentDb.AzureTable/Shiny.DocumentDb.AzureTable.csproj" />
        <Project Path="src/Shiny.DocumentDb.DocumentDb/Shiny.DocumentDb.DocumentDb.csproj" />
        <Project Path="src/Shiny.DocumentDb.Firestore/Shiny.DocumentDb.Firestore.csproj" />
        <Project Path="src/Shiny.DocumentDb.RavenDb/Shiny.DocumentDb.RavenDb.csproj" />
        <Project Path="src/Shiny.DocumentDb.Redis/Shiny.DocumentDb.Redis.csproj" />
        <Project Path="src/Shiny.DocumentDb.CockroachDb/Shiny.DocumentDb.CockroachDb.csproj" />
        <Project Path="src/Shiny.DocumentDb.CosmosDb/Shiny.DocumentDb.CosmosDb.csproj" />
        <Project Path="src/Shiny.DocumentDb.DynamoDb/Shiny.DocumentDb.DynamoDb.csproj" />
        <Project Path="src/Shiny.DocumentDb.DuckDb/Shiny.DocumentDb.DuckDb.csproj" />
        <Project Path="src/Shiny.DocumentDb.IndexedDb/Shiny.DocumentDb.IndexedDb.csproj" />
        <Project Path="src/Shiny.DocumentDb.LiteDb/Shiny.DocumentDb.LiteDb.csproj" />
        <Project Path="src/Shiny.DocumentDb.MongoDb/Shiny.DocumentDb.MongoDb.csproj" />
        <Project Path="src/Shiny.DocumentDb.MariaDb/Shiny.DocumentDb.MariaDb.csproj" />
        <Project Path="src/Shiny.DocumentDb.MySql/Shiny.DocumentDb.MySql.csproj" />
        <Project Path="src/Shiny.DocumentDb.Oracle/Shiny.DocumentDb.Oracle.csproj" />
        <Project Path="src/Shiny.DocumentDb.PostgreSql/Shiny.DocumentDb.PostgreSql.csproj" />
        <Project Path="src/Shiny.DocumentDb.Sqlite.SqlCipher/Shiny.DocumentDb.Sqlite.SqlCipher.csproj" />
        <Project Path="src/Shiny.DocumentDb.Sqlite.VectorSupport/Shiny.DocumentDb.Sqlite.VectorSupport.csproj" />
        <Project Path="src/Shiny.DocumentDb.Sqlite/Shiny.DocumentDb.Sqlite.csproj" />
        <Project Path="src/Shiny.DocumentDb.SqlServer/Shiny.DocumentDb.SqlServer.csproj" />
    </Folder>
    <Folder Name="/Samples/">
        <Project Path="samples/Sample.Aot/Sample.Aot.csproj" />
        <Project Path="samples/Sample.CopilotConsole/Sample.CopilotConsole.csproj" />
        <Project Path="samples/Sample.Maui/Sample.Maui.csproj" />
        <Project Path="samples/Sample/Sample.csproj" />
        <Project Path="samples/Sample.Blazor/Sample.Blazor.csproj" />
        <Project Path="samples/Sample.ODataApi/Sample.ODataApi.csproj" />
    </Folder>
    <Folder Name="/.Solution/">
        <File Path=".editorconfig" />
        <File Path=".github\ISSUE_TEMPLATE\bug_report.yml" />
        <File Path=".github\ISSUE_TEMPLATE\config.yml" />
        <File Path=".github\ISSUE_TEMPLATE\feature_request.yml" />
        <File Path=".github\workflows\admin-image.yml" />
        <File Path=".github\workflows\build.yml" />
        <File Path=".github\workflows\sync-skills.yml" />
        <File Path="build.slnf" />
        <File Path="CLAUDE.md" />
        <File Path="Directory.Build.props" />
        <File Path="Directory.Packages.props" />
        <File Path="global.json" />
        <File Path="LICENSE" />
        <File Path="nuget.config" />
        <File Path="nuget.txt" />
        <File Path="readme.md" />
        <File Path="src\ShinyDocDbMyAdmin\Dockerfile" />
        <File Path="src\ShinyDocDbMyAdmin\Dockerfile.demo" />
        <File Path="src\ShinyDocDbMyAdmin\readme.md" />
        <File Path="version.json" />
        <File Path="skills\shiny-documentdb\SKILL.md" />
    </Folder>
    <Project Path="src/Shiny.DocumentDb/Shiny.DocumentDb.csproj" />
    <Project Path="src/Shiny.DocumentDb.Generators/Shiny.DocumentDb.Generators.csproj" />
    <Folder Name="/Tests/">
        <Project Path="tests/Shiny.DocumentDb.Generators.Tests/Shiny.DocumentDb.Generators.Tests.csproj" />
        <Project Path="benchmarks/Shiny.DocumentDb.Benchmarks.Providers/Shiny.DocumentDb.Benchmarks.Providers.csproj" />
        <Project Path="benchmarks/Shiny.DocumentDb.Benchmarks/Shiny.DocumentDb.Benchmarks.csproj" />
        <Project Path="tests/Shiny.DocumentDb.Extensions.AI.Tests/Shiny.DocumentDb.Extensions.AI.Tests.csproj" />
        <Project Path="tests/Shiny.DocumentDb.Orleans.Tests/Shiny.DocumentDb.Orleans.Tests.csproj" />
        <Project Path="tests/Shiny.DocumentDb.Tests/Shiny.DocumentDb.Tests.csproj" />
        <Project Path="tests/Shiny.DocumentDb.JsonSchema.Tests/Shiny.DocumentDb.JsonSchema.Tests.csproj" />
        <Project Path="tests/Shiny.DocumentDb.AppDataSync.Tests/Shiny.DocumentDb.AppDataSync.Tests.csproj" />
        <Project Path="tests/Shiny.DocumentDb.OData.Tests/Shiny.DocumentDb.OData.Tests.csproj" />
        <Project Path="tests/ShinyDocDbMyAdmin.Tests/ShinyDocDbMyAdmin.Tests.csproj" />
        <Project Path="tests/ShinyDocDbMyAdmin.Tui.Tests/ShinyDocDbMyAdmin.Tui.Tests.csproj" />
        <Project Path="tests/Shiny.DocumentDb.Aspire.Tests/Shiny.DocumentDb.Aspire.Tests.csproj" />
        <Project Path="tests/Shiny.DocumentDb.Sqlite.VectorSupport.Tests/Shiny.DocumentDb.Sqlite.VectorSupport.Tests.csproj" />
        <Project Path="tests/Shiny.DocumentDb.Geo.Tests/Shiny.DocumentDb.Geo.Tests.csproj" />
    </Folder>
    <Folder Name="/Tools/">
        <Project Path="tools/Shiny.DocumentDb.Geo.DataSeeder/Shiny.DocumentDb.Geo.DataSeeder.csproj" />
        <Project Path="tools/ShinyDocDbMyAdmin.DemoVolume/ShinyDocDbMyAdmin.DemoVolume.csproj" />
    </Folder>
</Solution>
